
Microsoft Visual Studio Solution File, Format Version 12.00
# Visual Studio Version 17
VisualStudioVersion = 17.11.35312.102
MinimumVisualStudioVersion = 10.0.40219.1
Project("{FAE04EC0-301F-11D3-BF4B-00C04F79EFBC}") = "UserApp", "UserApp\UserApp.csproj", "{98FAD477-909F-4CB1-A0FE-428D6C8F8CEC}"
EndProject
Global
	GlobalSection(SolutionConfigurationPlatforms) = preSolution
		Debug|Any CPU = Debug|Any CPU
		Release|Any CPU = Release|Any CPU
	EndGlobalSection
	GlobalSection(ProjectConfigurationPlatforms) = postSolution
		{98FAD477-909F-4CB1-A0FE-428D6C8F8CEC}.Debug|Any CPU.ActiveCfg = Debug|Any CPU
		{98FAD477-909F-4CB1-A0FE-428D6C8F8CEC}.Debug|Any CPU.Build.0 = Debug|Any CPU
		{98FAD477-909F-4CB1-A0FE-428D6C8F8CEC}.Release|Any CPU.ActiveCfg = Release|Any CPU
		{98FAD477-909F-4CB1-A0FE-428D6C8F8CEC}.Release|Any CPU.Build.0 = Release|Any CPU
	EndGlobalSection
	GlobalSection(SolutionProperties) = preSolution
		HideSolutionNode = FALSE
	EndGlobalSection
	GlobalSection(ExtensibilityGlobals) = postSolution
		SolutionGuid = {DB8ED28E-4896-4469-AF82-CB397DD10C19}
	EndGlobalSection
EndGlobal
